schema: '2.0'
stages:
  prepare:
    cmd: python src/prepare.py
    deps:
    - path: src/prepare.py
      hash: md5
      md5: 220154e63c955e75c8d7b3870f86d825
      size: 355
    outs:
    - path: data/raw
      hash: md5
      md5: b350cee2d461dd7a5eb56d678c858fa6.dir
      size: 54951002
      nfiles: 1
  preprocess:
    cmd: python src/preprocess.py
    deps:
    - path: data/raw
      hash: md5
      md5: b350cee2d461dd7a5eb56d678c858fa6.dir
      size: 54951002
      nfiles: 1
    - path: src/preprocess.py
      hash: md5
      md5: 9d8c097c8c78cc54319a1917475aebf2
      size: 977
    params:
      params.yaml:
        preprocess.seed: 42
        preprocess.test_size: 0.2
    outs:
    - path: data/processed
      hash: md5
      md5: 6ea838ee2b8072041ac917f7baf8ad54.dir
      size: 219591470
      nfiles: 3
  train:
    cmd: python src/train.py
    deps:
    - path: data/processed
      hash: md5
      md5: 6ea838ee2b8072041ac917f7baf8ad54.dir
      size: 219591470
      nfiles: 3
    - path: src/train.py
      hash: md5
      md5: bf215e8989adda3d47f738dfa83ca566
      size: 929
    params:
      params.yaml:
        train.batch_size: 64
        train.dense_units: 256
        train.dropout_rate: 0.2
        train.epochs: 10
        train.learning_rate: 0.001
    outs:
    - path: models
      hash: md5
      md5: b32e4c2c8f986d57c715d01b0eaef883.dir
      size: 2467745
      nfiles: 2
  evaluate:
    cmd: python src/evaluate.py
    deps:
    - path: data/processed/test.npz
      hash: md5
      md5: 8fc201a435b9c2567d3fe3c283e5c52f
      size: 31370490
    - path: models/model.h5
      hash: md5
      md5: 20430af70d8114cac5357bad723e5ce7
      size: 2466904
    - path: src/evaluate.py
      hash: md5
      md5: 88201d070f721a893cae23c26639b666
      size: 775
    outs:
    - path: metrics.json
      hash: md5
      md5: db7422cecc9d48f2f26218dbc697a9b9
      size: 76
    - path: plots/confusion_matrix.png
      hash: md5
      md5: 5af15e471c6b33e33d17b1e9bbe40fbb
      size: 41169
